{
  "requires": true,
  "lockfileVersion": 1,
  "dependencies": {
    "bignumber.js": {
      "version": "9.0.0",
      "resolved": "https://registry.npmjs.org/bignumber.js/-/bignumber.js-9.0.0.tgz",
      "integrity": "sha512-t/OYhhJ2SD+YGBQcjY8GzzDHEk9f3nerxjtfa6tlMXfe7frs/WozhvCNoGvpM0P3bNf3Gq5ZRMlGr5f3r4/N8A=="
    },
    "biguint-format": {
      "version": "1.0.2",
      "resolved": "https://registry.npmjs.org/biguint-format/-/biguint-format-1.0.2.tgz",
      "integrity": "sha512-A9/8NoHnszWRAp4WCrgwe70wMd0FVDB3pXTdKs78z3pgwHRhc/BGU3uO7Wmfp9ueWD5WpmncL1OpypGnvc1R3w=="
    },
    "crypto": {
      "version": "1.0.1",
      "resolved": "https://registry.npmjs.org/crypto/-/crypto-1.0.1.tgz",
      "integrity": "sha512-VxBKmeNcqQdiUQUW2Tzq0t377b54N2bMtXO/qiLa+6eRRmmC4qT3D4OnTGoT/U6O9aklQ/jTwbOtRMTTY8G0Ig=="
    },
    "na-gaussian-elimination": {
      "version": "1.0.0",
      "resolved": "https://registry.npmjs.org/na-gaussian-elimination/-/na-gaussian-elimination-1.0.0.tgz",
      "integrity": "sha512-h4l1MfScPXLPiC0wer5zOAgDZCcZswZ2K27I10RujWw3SWSu0RYICWI6mg/aN1xIfQ+dRh44aNX21COTVwD21g=="
    },
    "rref": {
      "version": "0.0.1",
      "resolved": "https://registry.npmjs.org/rref/-/rref-0.0.1.tgz",
      "integrity": "sha1-lZRimkZpLG8QBhXFJFmHCOrCDO8="
    },
    "wlj-utilities": {
      "version": "1.0.58",
      "resolved": "https://registry.npmjs.org/wlj-utilities/-/wlj-utilities-1.0.58.tgz",
      "integrity": "sha512-nZMGdRctwf7bRJUTP0gHksoiTTHQnm/YCYGoe3r21u0F8fwasYJDi7YMJM0WTrlqewfG2eZtI0mo7+jd74p4Iw==",
      "requires": {
        "bignumber.js": "^9.0.0",
        "na-gaussian-elimination": "^1.0.0",
        "rref": "0.0.1"
      }
    }
  }
}
